
Microsoft Visual Studio Solution File, Format Version 12.00
# Visual Studio 14
VisualStudioVersion = 14.0.25123.0
MinimumVisualStudioVersion = 10.0.40219.1
Project("{FAE04EC0-301F-11D3-BF4B-00C04F79EFBC}") = "PowerOptionsSysTray", "PowerOptionsSysTray\PowerOptionsSysTray.csproj", "{C5F6A779-FA7E-4386-A7FE-1DC8E1BC7CA1}"
EndProject
Project("{FAE04EC0-301F-11D3-BF4B-00C04F79EFBC}") = "PowerTrayTest", "PowerTrayTest\PowerTrayTest.csproj", "{B78DF2A3-6B75-40DC-A83A-B3551CC80998}"
EndProject
Global
	GlobalSection(SolutionConfigurationPlatforms) = preSolution
		Debug|Any CPU = Debug|Any CPU
		Debug|Default = Debug|Default
		Release|Any CPU = Release|Any CPU
		Release|Default = Release|Default
	EndGlobalSection
	GlobalSection(ProjectConfigurationPlatforms) = postSolution
		{C5F6A779-FA7E-4386-A7FE-1DC8E1BC7CA1}.Debug|Any CPU.ActiveCfg = Debug|Any CPU
		{C5F6A779-FA7E-4386-A7FE-1DC8E1BC7CA1}.Debug|Any CPU.Build.0 = Debug|Any CPU
		{C5F6A779-FA7E-4386-A7FE-1DC8E1BC7CA1}.Debug|Default.ActiveCfg = Debug|Any CPU
		{C5F6A779-FA7E-4386-A7FE-1DC8E1BC7CA1}.Release|Any CPU.ActiveCfg = Debug|Any CPU
		{C5F6A779-FA7E-4386-A7FE-1DC8E1BC7CA1}.Release|Default.ActiveCfg = Debug|Any CPU
		{B78DF2A3-6B75-40DC-A83A-B3551CC80998}.Debug|Any CPU.ActiveCfg = Debug|Any CPU
		{B78DF2A3-6B75-40DC-A83A-B3551CC80998}.Debug|Any CPU.Build.0 = Debug|Any CPU
		{B78DF2A3-6B75-40DC-A83A-B3551CC80998}.Debug|Default.ActiveCfg = Debug|Any CPU
		{B78DF2A3-6B75-40DC-A83A-B3551CC80998}.Release|Any CPU.ActiveCfg = Debug|Any CPU
		{B78DF2A3-6B75-40DC-A83A-B3551CC80998}.Release|Default.ActiveCfg = Debug|Any CPU
	EndGlobalSection
	GlobalSection(SolutionProperties) = preSolution
		HideSolutionNode = FALSE
	EndGlobalSection
	GlobalSection(SolutionConfigurationPlatforms) = preSolution
		Debug|Any CPU = Debug|Any CPU
		Debug|Default = Debug|Default
		Release|Any CPU = Release|Any CPU
		Release|Default = Release|Default
	EndGlobalSection
	GlobalSection(SolutionConfigurationPlatforms) = preSolution
		Debug|Any CPU = Debug|Any CPU
		Debug|Default = Debug|Default
		Release|Any CPU = Release|Any CPU
		Release|Default = Release|Default
	EndGlobalSection
EndGlobal
